
Microsoft Visual Studio Solution File, Format Version 12.00
# Visual Studio Version 16
VisualStudioVersion = 16.0.29728.190
MinimumVisualStudioVersion = 10.0.40219.1
Project("{FAE04EC0-301F-11D3-BF4B-00C04F79EFBC}") = "ACM.BL", "ACM.BL\ACM.BL.csproj", "{4CA13404-78A6-41AF-8EB8-58E5D17C0775}"
EndProject
Project("{2150E333-8FDC-42A3-9474-1A3956D46DE8}") = "Tests", "Tests", "{53510FD9-E7F4-452C-BBF7-7F441133CB67}"
EndProject
Project("{FAE04EC0-301F-11D3-BF4B-00C04F79EFBC}") = "ACM.BLTest", "Tests\ACM.BLTest\ACM.BLTest.csproj", "{2219D2E4-9FEB-45D8-A751-C47A7F92B7B7}"
EndProject
Global
	GlobalSection(SolutionConfigurationPlatforms) = preSolution
		Debug|Any CPU = Debug|Any CPU
		Release|Any CPU = Release|Any CPU
	EndGlobalSection
	GlobalSection(ProjectConfigurationPlatforms) = postSolution
		{4CA13404-78A6-41AF-8EB8-58E5D17C0775}.Debug|Any CPU.ActiveCfg = Debug|Any CPU
		{4CA13404-78A6-41AF-8EB8-58E5D17C0775}.Debug|Any CPU.Build.0 = Debug|Any CPU
		{4CA13404-78A6-41AF-8EB8-58E5D17C0775}.Release|Any CPU.ActiveCfg = Release|Any CPU
		{4CA13404-78A6-41AF-8EB8-58E5D17C0775}.Release|Any CPU.Build.0 = Release|Any CPU
		{2219D2E4-9FEB-45D8-A751-C47A7F92B7B7}.Debug|Any CPU.ActiveCfg = Debug|Any CPU
		{2219D2E4-9FEB-45D8-A751-C47A7F92B7B7}.Debug|Any CPU.Build.0 = Debug|Any CPU
		{2219D2E4-9FEB-45D8-A751-C47A7F92B7B7}.Release|Any CPU.ActiveCfg = Release|Any CPU
		{2219D2E4-9FEB-45D8-A751-C47A7F92B7B7}.Release|Any CPU.Build.0 = Release|Any CPU
	EndGlobalSection
	GlobalSection(SolutionProperties) = preSolution
		HideSolutionNode = FALSE
	EndGlobalSection
	GlobalSection(NestedProjects) = preSolution
		{2219D2E4-9FEB-45D8-A751-C47A7F92B7B7} = {53510FD9-E7F4-452C-BBF7-7F441133CB67}
	EndGlobalSection
	GlobalSection(ExtensibilityGlobals) = postSolution
		SolutionGuid = {EFBD5C7D-3596-4B74-B1CC-26512BB2A634}
	EndGlobalSection
EndGlobal
